
Microsoft Visual Studio Solution File, Format Version 12.00
# Visual Studio Version 17
VisualStudioVersion = 17.14.36518.9 d17.14
MinimumVisualStudioVersion = 10.0.40219.1
Project("{FAE04EC0-301F-11D3-BF4B-00C04F79EFBC}") = "LocadoraCarros", "LocadoraCarros\LocadoraCarros.csproj", "{68B46A5A-7BC5-481A-860D-F4A54F69BF05}"
EndProject
Global
	GlobalSection(SolutionConfigurationPlatforms) = preSolution
		Debug|Any CPU = Debug|Any CPU
		Release|Any CPU = Release|Any CPU
	EndGlobalSection
	GlobalSection(ProjectConfigurationPlatforms) = postSolution
		{68B46A5A-7BC5-481A-860D-F4A54F69BF05}.Debug|Any CPU.ActiveCfg = Debug|Any CPU
		{68B46A5A-7BC5-481A-860D-F4A54F69BF05}.Debug|Any CPU.Build.0 = Debug|Any CPU
		{68B46A5A-7BC5-481A-860D-F4A54F69BF05}.Release|Any CPU.ActiveCfg = Release|Any CPU
		{68B46A5A-7BC5-481A-860D-F4A54F69BF05}.Release|Any CPU.Build.0 = Release|Any CPU
	EndGlobalSection
	GlobalSection(SolutionProperties) = preSolution
		HideSolutionNode = FALSE
	EndGlobalSection
	GlobalSection(ExtensibilityGlobals) = postSolution
		SolutionGuid = {476B703D-94B3-44F8-8FA3-CDAB8C8AD5C5}
	EndGlobalSection
EndGlobal
